
Microsoft Visual Studio Solution File, Format Version 12.00
# Visual Studio Version 17
VisualStudioVersion = 17.4.33103.184
MinimumVisualStudioVersion = 10.0.40219.1
Project("{9A19103F-16F7-4668-BE54-9A1E7A4F7556}") = "GardenPage", "GardenPage\GardenPage.csproj", "{E92D8A73-E0B2-4317-9964-1297CB23A049}"
EndProject
Project("{9A19103F-16F7-4668-BE54-9A1E7A4F7556}") = "Garden", "Garden\Garden.csproj", "{37F4199D-D0DC-4AAF-9C36-3630BA295C87}"
EndProject
Global
	GlobalSection(SolutionConfigurationPlatforms) = preSolution
		Debug|Any CPU = Debug|Any CPU
		Release|Any CPU = Release|Any CPU
	EndGlobalSection
	GlobalSection(ProjectConfigurationPlatforms) = postSolution
		{E92D8A73-E0B2-4317-9964-1297CB23A049}.Debug|Any CPU.ActiveCfg = Debug|Any CPU
		{E92D8A73-E0B2-4317-9964-1297CB23A049}.Debug|Any CPU.Build.0 = Debug|Any CPU
		{E92D8A73-E0B2-4317-9964-1297CB23A049}.Release|Any CPU.ActiveCfg = Release|Any CPU
		{E92D8A73-E0B2-4317-9964-1297CB23A049}.Release|Any CPU.Build.0 = Release|Any CPU
		{37F4199D-D0DC-4AAF-9C36-3630BA295C87}.Debug|Any CPU.ActiveCfg = Debug|Any CPU
		{37F4199D-D0DC-4AAF-9C36-3630BA295C87}.Debug|Any CPU.Build.0 = Debug|Any CPU
		{37F4199D-D0DC-4AAF-9C36-3630BA295C87}.Release|Any CPU.ActiveCfg = Release|Any CPU
		{37F4199D-D0DC-4AAF-9C36-3630BA295C87}.Release|Any CPU.Build.0 = Release|Any CPU
	EndGlobalSection
	GlobalSection(SolutionProperties) = preSolution
		HideSolutionNode = FALSE
	EndGlobalSection
	GlobalSection(ExtensibilityGlobals) = postSolution
		SolutionGuid = {69ABB5AE-5D36-408D-8CB7-F6ABD235892F}
	EndGlobalSection
EndGlobal
